
Microsoft Visual Studio Solution File, Format Version 12.00
# Visual Studio Version 17
VisualStudioVersion = 17.8.34330.188
MinimumVisualStudioVersion = 10.0.40219.1
Project("{9A19103F-16F7-4668-BE54-9A1E7A4F7556}") = "WebSystemFinalProject", "WebSystemFinalProject\WebSystemFinalProject.csproj", "{A8F7EE38-FEEA-4440-A3CD-DB9AEAC79910}"
EndProject
Project("{FAE04EC0-301F-11D3-BF4B-00C04F79EFBC}") = "Web.DataAccess", "Web.DataAccess\Web.DataAccess.csproj", "{32DA201E-CA31-4AB5-9538-703AE5BDFDF0}"
EndProject
Project("{FAE04EC0-301F-11D3-BF4B-00C04F79EFBC}") = "Web.Models", "Web.Models\Web.Models.csproj", "{E977C345-9902-44E3-9F13-51B5076E0E4B}"
EndProject
Project("{FAE04EC0-301F-11D3-BF4B-00C04F79EFBC}") = "Web.Utility", "Utility\Web.Utility.csproj", "{6028AD93-E7D9-48BD-ACE4-40DDD5C7848B}"
EndProject
Global
	GlobalSection(SolutionConfigurationPlatforms) = preSolution
		Debug|Any CPU = Debug|Any CPU
		Release|Any CPU = Release|Any CPU
	EndGlobalSection
	GlobalSection(ProjectConfigurationPlatforms) = postSolution
		{A8F7EE38-FEEA-4440-A3CD-DB9AEAC79910}.Debug|Any CPU.ActiveCfg = Debug|Any CPU
		{A8F7EE38-FEEA-4440-A3CD-DB9AEAC79910}.Debug|Any CPU.Build.0 = Debug|Any CPU
		{A8F7EE38-FEEA-4440-A3CD-DB9AEAC79910}.Release|Any CPU.ActiveCfg = Release|Any CPU
		{A8F7EE38-FEEA-4440-A3CD-DB9AEAC79910}.Release|Any CPU.Build.0 = Release|Any CPU
		{32DA201E-CA31-4AB5-9538-703AE5BDFDF0}.Debug|Any CPU.ActiveCfg = Debug|Any CPU
		{32DA201E-CA31-4AB5-9538-703AE5BDFDF0}.Debug|Any CPU.Build.0 = Debug|Any CPU
		{32DA201E-CA31-4AB5-9538-703AE5BDFDF0}.Release|Any CPU.ActiveCfg = Release|Any CPU
		{32DA201E-CA31-4AB5-9538-703AE5BDFDF0}.Release|Any CPU.Build.0 = Release|Any CPU
		{E977C345-9902-44E3-9F13-51B5076E0E4B}.Debug|Any CPU.ActiveCfg = Debug|Any CPU
		{E977C345-9902-44E3-9F13-51B5076E0E4B}.Debug|Any CPU.Build.0 = Debug|Any CPU
		{E977C345-9902-44E3-9F13-51B5076E0E4B}.Release|Any CPU.ActiveCfg = Release|Any CPU
		{E977C345-9902-44E3-9F13-51B5076E0E4B}.Release|Any CPU.Build.0 = Release|Any CPU
		{6028AD93-E7D9-48BD-ACE4-40DDD5C7848B}.Debug|Any CPU.ActiveCfg = Debug|Any CPU
		{6028AD93-E7D9-48BD-ACE4-40DDD5C7848B}.Debug|Any CPU.Build.0 = Debug|Any CPU
		{6028AD93-E7D9-48BD-ACE4-40DDD5C7848B}.Release|Any CPU.ActiveCfg = Release|Any CPU
		{6028AD93-E7D9-48BD-ACE4-40DDD5C7848B}.Release|Any CPU.Build.0 = Release|Any CPU
	EndGlobalSection
	GlobalSection(SolutionProperties) = preSolution
		HideSolutionNode = FALSE
	EndGlobalSection
	GlobalSection(ExtensibilityGlobals) = postSolution
		SolutionGuid = {DAF9A443-C609-459F-B585-370B226038DC}
	EndGlobalSection
EndGlobal
